// !$*UTF8*$!
{
	archiveVersion = 1;
	classes = {
	};
	objectVersion = 46;
	objects = {

/* Begin PBXBuildFile section */
		2E074C8919B64CD3009FD823 /* Foundation.framework in Frameworks */ = {isa = PBXBuildFile; fileRef = 2E074C8819B64CD3009FD823 /* Foundation.framework */; };
		2E074C8B19B64CD3009FD823 /* CoreGraphics.framework in Frameworks */ = {isa = PBXBuildFile; fileRef = 2E074C8A19B64CD3009FD823 /* CoreGraphics.framework */; };
		2E074C8D19B64CD3009FD823 /* UIKit.framework in Frameworks */ = {isa = PBXBuildFile; fileRef = 2E074C8C19B64CD3009FD823 /* UIKit.framework */; };
		2E074C9319B64CD3009FD823 /* InfoPlist.strings in Resources */ = {isa = PBXBuildFile; fileRef = 2E074C9119B64CD3009FD823 /* InfoPlist.strings */; };
		2E074C9519B64CD3009FD823 /* main.m in Sources */ = {isa = PBXBuildFile; fileRef = 2E074C9419B64CD3009FD823 /* main.m */; };
		2E074C9919B64CD3009FD823 /* AppDelegate.m in Sources */ = {isa = PBXBuildFile; fileRef = 2E074C9819B64CD3009FD823 /* AppDelegate.m */; };
		2E074C9C19B64CD3009FD823 /* Main.storyboard in Resources */ = {isa = PBXBuildFile; fileRef = 2E074C9A19B64CD3009FD823 /* Main.storyboard */; };
		2E074CA119B64CD3009FD823 /* Images.xcassets in Resources */ = {isa = PBXBuildFile; fileRef = 2E074CA019B64CD3009FD823 /* Images.xcassets */; };
		2E074CA819B64CD3009FD823 /* XCTest.framework in Frameworks */ = {isa = PBXBuildFile; fileRef = 2E074CA719B64CD3009FD823 /* XCTest.framework */; };
		2E074CA919B64CD3009FD823 /* Foundation.framework in Frameworks */ = {isa = PBXBuildFile; fileRef = 2E074C8819B64CD3009FD823 /* Foundation.framework */; };
		2E074CAA19B64CD3009FD823 /* UIKit.framework in Frameworks */ = {isa = PBXBuildFile; fileRef = 2E074C8C19B64CD3009FD823 /* UIKit.framework */; };
		2E074CB219B64CD3009FD823 /* InfoPlist.strings in Resources */ = {isa = PBXBuildFile; fileRef = 2E074CB019B64CD3009FD823 /* InfoPlist.strings */; };
		2E074CB419B64CD3009FD823 /* wikigameTests.m in Sources */ = {isa = PBXBuildFile; fileRef = 2E074CB319B64CD3009FD823 /* wikigameTests.m */; };
		2E074CBF19B657B0009FD823 /* WebViewController.m in Sources */ = {isa = PBXBuildFile; fileRef = 2E074CBE19B657B0009FD823 /* WebViewController.m */; };
/* End PBXBuildFile section */

/* Begin PBXContainerItemProxy section */
		2E074CAB19B64CD3009FD823 /* PBXContainerItemProxy */ = {
			isa = PBXContainerItemProxy;
			containerPortal = 2E074C7D19B64CD3009FD823 /* Project object */;
			proxyType = 1;
			remoteGlobalIDString = 2E074C8419B64CD3009FD823;
			remoteInfo = wikigame;
		};
/* End PBXContainerItemProxy section */

/* Begin PBXFileReference section */
		2E074C8519B64CD3009FD823 /* wikigame.app */ = {isa = PBXFileReference; explicitFileType = wrapper.application; includeInIndex = 0; path = wikigame.app; sourceTree = BUILT_PRODUCTS_DIR; };
		2E074C8819B64CD3009FD823 /* Foundation.framework */ = {isa = PBXFileReference; lastKnownFileType = wrapper.framework; name = Foundation.framework; path = System/Library/Frameworks/Foundation.framework; sourceTree = SDKROOT; };
		2E074C8A19B64CD3009FD823 /* CoreGraphics.framework */ = {isa = PBXFileReference; lastKnownFileType = wrapper.framework; name = CoreGraphics.framework; path = System/Library/Frameworks/CoreGraphics.framework; sourceTree = SDKROOT; };
		2E074C8C19B64CD3009FD823 /* UIKit.framework */ = {isa = PBXFileReference; lastKnownFileType = wrapper.framework; name = UIKit.framework; path = System/Library/Frameworks/UIKit.framework; sourceTree = SDKROOT; };
		2E074C9019B64CD3009FD823 /* wikigame-Info.plist */ = {isa = PBXFileReference; lastKnownFileType = text.plist.xml; path = "wikigame-Info.plist"; sourceTree = "<group>"; };
		2E074C9219B64CD3009FD823 /* en */ = {isa = PBXFileReference; lastKnownFileType = text.plist.strings; name = en; path = en.lproj/InfoPlist.strings; sourceTree = "<group>"; };
		2E074C9419B64CD3009FD823 /* main.m */ = {isa = PBXFileReference; lastKnownFileType = sourcecode.c.objc; path = main.m; sourceTree = "<group>"; };
		2E074C9619B64CD3009FD823 /* wikigame-Prefix.pch */ = {isa = PBXFileReference; lastKnownFileType = sourcecode.c.h; path = "wikigame-Prefix.pch"; sourceTree = "<group>"; };
		2E074C9719B64CD3009FD823 /* AppDelegate.h */ = {isa = PBXFileReference; lastKnownFileType = sourcecode.c.h; path = AppDelegate.h; sourceTree = "<group>"; };
		2E074C9819B64CD3009FD823 /* AppDelegate.m */ = {isa = PBXFileReference; lastKnownFileType = sourcecode.c.objc; path = AppDelegate.m; sourceTree = "<group>"; };
		2E074C9B19B64CD3009FD823 /* Base */ = {isa = PBXFileReference; lastKnownFileType = file.storyboard; name = Base; path = Base.lproj/Main.storyboard; sourceTree = "<group>"; };
		2E074CA019B64CD3009FD823 /* Images.xcassets */ = {isa = PBXFileReference; lastKnownFileType = folder.assetcatalog; path = Images.xcassets; sourceTree = "<group>"; };
		2E074CA619B64CD3009FD823 /* wikigameTests.xctest */ = {isa = PBXFileReference; explicitFileType = wrapper.cfbundle; includeInIndex = 0; path = wikigameTests.xctest; sourceTree = BUILT_PRODUCTS_DIR; };
		2E074CA719B64CD3009FD823 /* XCTest.framework */ = {isa = PBXFileReference; lastKnownFileType = wrapper.framework; name = XCTest.framework; path = Library/Frameworks/XCTest.framework; sourceTree = DEVELOPER_DIR; };
		2E074CAF19B64CD3009FD823 /* wikigameTests-Info.plist */ = {isa = PBXFileReference; lastKnownFileType = text.plist.xml; path = "wikigameTests-Info.plist"; sourceTree = "<group>"; };
		2E074CB119B64CD3009FD823 /* en */ = {isa = PBXFileReference; lastKnownFileType = text.plist.strings; name = en; path = en.lproj/InfoPlist.strings; sourceTree = "<group>"; };
		2E074CB319B64CD3009FD823 /* wikigameTests.m */ = {isa = PBXFileReference; lastKnownFileType = sourcecode.c.objc; path = wikigameTests.m; sourceTree = "<group>"; };
		2E074CBD19B657B0009FD823 /* WebViewController.h */ = {isa = PBXFileReference; fileEncoding = 4; lastKnownFileType = sourcecode.c.h; path = WebViewController.h; sourceTree = "<group>"; };
		2E074CBE19B657B0009FD823 /* WebViewController.m */ = {isa = PBXFileReference; fileEncoding = 4; lastKnownFileType = sourcecode.c.objc; path = WebViewController.m; sourceTree = "<group>"; };
/* End PBXFileReference section */

/* Begin PBXFrameworksBuildPhase section */
		2E074C8219B64CD3009FD823 /* Frameworks */ = {
			isa = PBXFrameworksBuildPhase;
			buildActionMask = 2147483647;
			files = (
				2E074C8B19B64CD3009FD823 /* CoreGraphics.framework in Frameworks */,
				2E074C8D19B64CD3009FD823 /* UIKit.framework in Frameworks */,
				2E074C8919B64CD3009FD823 /* Foundation.framework in Frameworks */,
			);
			runOnlyForDeploymentPostprocessing = 0;
		};
		2E074CA319B64CD3009FD823 /* Frameworks */ = {
			isa = PBXFrameworksBuildPhase;
			buildActionMask = 2147483647;
			files = (
				2E074CA819B64CD3009FD823 /* XCTest.framework in Frameworks */,
				2E074CAA19B64CD3009FD823 /* UIKit.framework in Frameworks */,
				2E074CA919B64CD3009FD823 /* Foundation.framework in Frameworks */,
			);
			runOnlyForDeploymentPostprocessing = 0;
		};
/* End PBXFrameworksBuildPhase section */

/* Begin PBXGroup section */
		2E074C7C19B64CD3009FD823 = {
			isa = PBXGroup;
			children = (
				2E074C8E19B64CD3009FD823 /* wikigame */,
				2E074CAD19B64CD3009FD823 /* wikigameTests */,
				2E074C8719B64CD3009FD823 /* Frameworks */,
				2E074C8619B64CD3009FD823 /* Products */,
			);
			sourceTree = "<group>";
		};
		2E074C8619B64CD3009FD823 /* Products */ = {
			isa = PBXGroup;
			children = (
				2E074C8519B64CD3009FD823 /* wikigame.app */,
				2E074CA619B64CD3009FD823 /* wikigameTests.xctest */,
			);
			name = Products;
			sourceTree = "<group>";
		};
		2E074C8719B64CD3009FD823 /* Frameworks */ = {
			isa = PBXGroup;
			children = (
				2E074C8819B64CD3009FD823 /* Foundation.framework */,
				2E074C8A19B64CD3009FD823 /* CoreGraphics.framework */,
				2E074C8C19B64CD3009FD823 /* UIKit.framework */,
				2E074CA719B64CD3009FD823 /* XCTest.framework */,
			);
			name = Frameworks;
			sourceTree = "<group>";
		};
		2E074C8E19B64CD3009FD823 /* wikigame */ = {
			isa = PBXGroup;
			children = (
				2E074C9719B64CD3009FD823 /* AppDelegate.h */,
				2E074C9819B64CD3009FD823 /* AppDelegate.m */,
				2E074C9A19B64CD3009FD823 /* Main.storyboard */,
				2E074CA019B64CD3009FD823 /* Images.xcassets */,
				2E074C8F19B64CD3009FD823 /* Supporting Files */,
				2E074CBD19B657B0009FD823 /* WebViewController.h */,
				2E074CBE19B657B0009FD823 /* WebViewController.m */,
			);
			path = wikigame;
			sourceTree = "<group>";
		};
		2E074C8F19B64CD3009FD823 /* Supporting Files */ = {
			isa = PBXGroup;
			children = (
				2E074C9019B64CD3009FD823 /* wikigame-Info.plist */,
				2E074C9119B64CD3009FD823 /* InfoPlist.strings */,
				2E074C9419B64CD3009FD823 /* main.m */,
				2E074C9619B64CD3009FD823 /* wikigame-Prefix.pch */,
			);
			name = "Supporting Files";
			sourceTree = "<group>";
		};
		2E074CAD19B64CD3009FD823 /* wikigameTests */ = {
			isa = PBXGroup;
			children = (
				2E074CB319B64CD3009FD823 /* wikigameTests.m */,
				2E074CAE19B64CD3009FD823 /* Supporting Files */,
			);
			path = wikigameTests;
			sourceTree = "<group>";
		};
		2E074CAE19B64CD3009FD823 /* Supporting Files */ = {
			isa = PBXGroup;
			children = (
				2E074CAF19B64CD3009FD823 /* wikigameTests-Info.plist */,
				2E074CB019B64CD3009FD823 /* InfoPlist.strings */,
			);
			name = "Supporting Files";
			sourceTree = "<group>";
		};
/* End PBXGroup section */

/* Begin PBXNativeTarget section */
		2E074C8419B64CD3009FD823 /* wikigame */ = {
			isa = PBXNativeTarget;
			buildConfigurationList = 2E074CB719B64CD3009FD823 /* Build configuration list for PBXNativeTarget "wikigame" */;
			buildPhases = (
				2E074C8119B64CD3009FD823 /* Sources */,
				2E074C8219B64CD3009FD823 /* Frameworks */,
				2E074C8319B64CD3009FD823 /* Resources */,
			);
			buildRules = (
			);
			dependencies = (
			);
			name = wikigame;
			productName = wikigame;
			productReference = 2E074C8519B64CD3009FD823 /* wikigame.app */;
			productType = "com.apple.product-type.application";
		};
		2E074CA519B64CD3009FD823 /* wikigameTests */ = {
			isa = PBXNativeTarget;
			buildConfigurationList = 2E074CBA19B64CD3009FD823 /* Build configuration list for PBXNativeTarget "wikigameTests" */;
			buildPhases = (
				2E074CA219B64CD3009FD823 /* Sources */,
				2E074CA319B64CD3009FD823 /* Frameworks */,
				2E074CA419B64CD3009FD823 /* Resources */,
			);
			buildRules = (
			);
			dependencies = (
				2E074CAC19B64CD3009FD823 /* PBXTargetDependency */,
			);
			name = wikigameTests;
			productName = wikigameTests;
			productReference = 2E074CA619B64CD3009FD823 /* wikigameTests.xctest */;
			productType = "com.apple.product-type.bundle.unit-test";
		};
/* End PBXNativeTarget section */

/* Begin PBXProject section */
		2E074C7D19B64CD3009FD823 /* Project object */ = {
			isa = PBXProject;
			attributes = {
				LastUpgradeCheck = 0510;
				ORGANIZATIONNAME = "___FULLUSERNAME___";
				TargetAttributes = {
					2E074CA519B64CD3009FD823 = {
						TestTargetID = 2E074C8419B64CD3009FD823;
					};
				};
			};
			buildConfigurationList = 2E074C8019B64CD3009FD823 /* Build configuration list for PBXProject "wikigame" */;
			compatibilityVersion = "Xcode 3.2";
			developmentRegion = English;
			hasScannedForEncodings = 0;
			knownRegions = (
				en,
				Base,
			);
			mainGroup = 2E074C7C19B64CD3009FD823;
			productRefGroup = 2E074C8619B64CD3009FD823 /* Products */;
			projectDirPath = "";
			projectRoot = "";
			targets = (
				2E074C8419B64CD3009FD823 /* wikigame */,
				2E074CA519B64CD3009FD823 /* wikigameTests */,
			);
		};
/* End PBXProject section */

/* Begin PBXResourcesBuildPhase section */
		2E074C8319B64CD3009FD823 /* Resources */ = {
			isa = PBXResourcesBuildPhase;
			buildActionMask = 2147483647;
			files = (
				2E074CA119B64CD3009FD823 /* Images.xcassets in Resources */,
				2E074C9319B64CD3009FD823 /* InfoPlist.strings in Resources */,
				2E074C9C19B64CD3009FD823 /* Main.storyboard in Resources */,
			);
			runOnlyForDeploymentPostprocessing = 0;
		};
		2E074CA419B64CD3009FD823 /* Resources */ = {
			isa = PBXResourcesBuildPhase;
			buildActionMask = 2147483647;
			files = (
				2E074CB219B64CD3009FD823 /* InfoPlist.strings in Resources */,
			);
			runOnlyForDeploymentPostprocessing = 0;
		};
/* End PBXResourcesBuildPhase section */

/* Begin PBXSourcesBuildPhase section */
		2E074C8119B64CD3009FD823 /* Sources */ = {
			isa = PBXSourcesBuildPhase;
			buildActionMask = 2147483647;
			files = (
				2E074C9919B64CD3009FD823 /* AppDelegate.m in Sources */,
				2E074C9519B64CD3009FD823 /* main.m in Sources */,
				2E074CBF19B657B0009FD823 /* WebViewController.m in Sources */,
			);
			runOnlyForDeploymentPostprocessing = 0;
		};
		2E074CA219B64CD3009FD823 /* Sources */ = {
			isa = PBXSourcesBuildPhase;
			buildActionMask = 2147483647;
			files = (
				2E074CB419B64CD3009FD823 /* wikigameTests.m in Sources */,
			);
			runOnlyForDeploymentPostprocessing = 0;
		};
/* End PBXSourcesBuildPhase section */

/* Begin PBXTargetDependency section */
		2E074CAC19B64CD3009FD823 /* PBXTargetDependency */ = {
			isa = PBXTargetDependency;
			target = 2E074C8419B64CD3009FD823 /* wikigame */;
			targetProxy = 2E074CAB19B64CD3009FD823 /* PBXContainerItemProxy */;
		};
/* End PBXTargetDependency section */

/* Begin PBXVariantGroup section */
		2E074C9119B64CD3009FD823 /* InfoPlist.strings */ = {
			isa = PBXVariantGroup;
			children = (
				2E074C9219B64CD3009FD823 /* en */,
			);
			name = InfoPlist.strings;
			sourceTree = "<group>";
		};
		2E074C9A19B64CD3009FD823 /* Main.storyboard */ = {
			isa = PBXVariantGroup;
			children = (
				2E074C9B19B64CD3009FD823 /* Base */,
			);
			name = Main.storyboard;
			sourceTree = "<group>";
		};
		2E074CB019B64CD3009FD823 /* InfoPlist.strings */ = {
			isa = PBXVariantGroup;
			children = (
				2E074CB119B64CD3009FD823 /* en */,
			);
			name = InfoPlist.strings;
			sourceTree = "<group>";
		};
/* End PBXVariantGroup section */

/* Begin XCBuildConfiguration section */
		2E074CB519B64CD3009FD823 /* Debug */ = {
			isa = XCBuildConfiguration;
			buildSettings = {
				ALWAYS_SEARCH_USER_PATHS = NO;
				CLANG_CXX_LANGUAGE_STANDARD = "gnu++0x";
				CLANG_CXX_LIBRARY = "libc++";
				CLANG_ENABLE_MODULES = YES;
				CLANG_ENABLE_OBJC_ARC = YES;
				CLANG_WARN_BOOL_CONVERSION = YES;
				CLANG_WARN_CONSTANT_CONVERSION = YES;
				CLANG_WARN_DIRECT_OBJC_ISA_USAGE = YES_ERROR;
				CLANG_WARN_EMPTY_BODY = YES;
				CLANG_WARN_ENUM_CONVERSION = YES;
				CLANG_WARN_INT_CONVERSION = YES;
				CLANG_WARN_OBJC_ROOT_CLASS = YES_ERROR;
				CLANG_WARN__DUPLICATE_METHOD_MATCH = YES;
				"CODE_SIGN_IDENTITY[sdk=iphoneos*]" = "iPhone Developer";
				COPY_PHASE_STRIP = NO;
				GCC_C_LANGUAGE_STANDARD = gnu99;
				GCC_DYNAMIC_NO_PIC = NO;
				GCC_OPTIMIZATION_LEVEL = 0;
				GCC_PREPROCESSOR_DEFINITIONS = (
					"DEBUG=1",
					"$(inherited)",
				);
				GCC_SYMBOLS_PRIVATE_EXTERN = NO;
				GCC_WARN_64_TO_32_BIT_CONVERSION = YES;
				GCC_WARN_ABOUT_RETURN_TYPE = YES_ERROR;
				GCC_WARN_UNDECLARED_SELECTOR = YES;
				GCC_WARN_UNINITIALIZED_AUTOS = YES_AGGRESSIVE;
				GCC_WARN_UNUSED_FUNCTION = YES;
				GCC_WARN_UNUSED_VARIABLE = YES;
				IPHONEOS_DEPLOYMENT_TARGET = 7.1;
				ONLY_ACTIVE_ARCH = YES;
				SDKROOT = iphoneos;
			};
			name = Debug;
		};
		2E074CB619B64CD3009FD823 /* Release */ = {
			isa = XCBuildConfiguration;
			buildSettings = {
				ALWAYS_SEARCH_USER_PATHS = NO;
				CLANG_CXX_LANGUAGE_STANDARD = "gnu++0x";
				CLANG_CXX_LIBRARY = "libc++";
				CLANG_ENABLE_MODULES = YES;
				CLANG_ENABLE_OBJC_ARC = YES;
				CLANG_WARN_BOOL_CONVERSION = YES;
				CLANG_WARN_CONSTANT_CONVERSION = YES;
				CLANG_WARN_DIRECT_OBJC_ISA_USAGE = YES_ERROR;
				CLANG_WARN_EMPTY_BODY = YES;
				CLANG_WARN_ENUM_CONVERSION = YES;
				CLANG_WARN_INT_CONVERSION = YES;
				CLANG_WARN_OBJC_ROOT_CLASS = YES_ERROR;
				CLANG_WARN__DUPLICATE_METHOD_MATCH = YES;
				"CODE_SIGN_IDENTITY[sdk=iphoneos*]" = "iPhone Developer";
				COPY_PHASE_STRIP = YES;
				ENABLE_NS_ASSERTIONS = NO;
				GCC_C_LANGUAGE_STANDARD = gnu99;
				GCC_WARN_64_TO_32_BIT_CONVERSION = YES;
				GCC_WARN_ABOUT_RETURN_TYPE = YES_ERROR;
				GCC_WARN_UNDECLARED_SELECTOR = YES;
				GCC_WARN_UNINITIALIZED_AUTOS = YES_AGGRESSIVE;
				GCC_WARN_UNUSED_FUNCTION = YES;
				GCC_WARN_UNUSED_VARIABLE = YES;
				IPHONEOS_DEPLOYMENT_TARGET = 7.1;
				SDKROOT = iphoneos;
				VALIDATE_PRODUCT = YES;
			};
			name = Release;
		};
		2E074CB819B64CD3009FD823 /* Debug */ = {
			isa = XCBuildConfiguration;
			buildSettings = {
				ASSETCATALOG_COMPILER_APPICON_NAME = AppIcon;
				ASSETCATALOG_COMPILER_LAUNCHIMAGE_NAME = LaunchImage;
				GCC_PRECOMPILE_PREFIX_HEADER = YES;
				GCC_PREFIX_HEADER = "wikigame/wikigame-Prefix.pch";
				INFOPLIST_FILE = "wikigame/wikigame-Info.plist";
				PRODUCT_NAME = "$(TARGET_NAME)";
				WRAPPER_EXTENSION = app;
			};
			name = Debug;
		};
		2E074CB919B64CD3009FD823 /* Release */ = {
			isa = XCBuildConfiguration;
			buildSettings = {
				ASSETCATALOG_COMPILER_APPICON_NAME = AppIcon;
				ASSETCATALOG_COMPILER_LAUNCHIMAGE_NAME = LaunchImage;
				GCC_PRECOMPILE_PREFIX_HEADER = YES;
				GCC_PREFIX_HEADER = "wikigame/wikigame-Prefix.pch";
				INFOPLIST_FILE = "wikigame/wikigame-Info.plist";
				PRODUCT_NAME = "$(TARGET_NAME)";
				WRAPPER_EXTENSION = app;
			};
			name = Release;
		};
		2E074CBB19B64CD3009FD823 /* Debug */ = {
			isa = XCBuildConfiguration;
			buildSettings = {
				BUNDLE_LOADER = "$(BUILT_PRODUCTS_DIR)/wikigame.app/wikigame";
				FRAMEWORK_SEARCH_PATHS = (
					"$(SDKROOT)/Developer/Library/Frameworks",
					"$(inherited)",
					"$(DEVELOPER_FRAMEWORKS_DIR)",
				);
				GCC_PRECOMPILE_PREFIX_HEADER = YES;
				GCC_PREFIX_HEADER = "wikigame/wikigame-Prefix.pch";
				GCC_PREPROCESSOR_DEFINITIONS = (
					"DEBUG=1",
					"$(inherited)",
				);
				INFOPLIST_FILE = "wikigameTests/wikigameTests-Info.plist";
				PRODUCT_NAME = "$(TARGET_NAME)";
				TEST_HOST = "$(BUNDLE_LOADER)";
				WRAPPER_EXTENSION = xctest;
			};
			name = Debug;
		};
		2E074CBC19B64CD3009FD823 /* Release */ = {
			isa = XCBuildConfiguration;
			buildSettings = {
				BUNDLE_LOADER = "$(BUILT_PRODUCTS_DIR)/wikigame.app/wikigame";
				FRAMEWORK_SEARCH_PATHS = (
					"$(SDKROOT)/Developer/Library/Frameworks",
					"$(inherited)",
					"$(DEVELOPER_FRAMEWORKS_DIR)",
				);
				GCC_PRECOMPILE_PREFIX_HEADER = YES;
				GCC_PREFIX_HEADER = "wikigame/wikigame-Prefix.pch";
				INFOPLIST_FILE = "wikigameTests/wikigameTests-Info.plist";
				PRODUCT_NAME = "$(TARGET_NAME)";
				TEST_HOST = "$(BUNDLE_LOADER)";
				WRAPPER_EXTENSION = xctest;
			};
			name = Release;
		};
/* End XCBuildConfiguration section */

/* Begin XCConfigurationList section */
		2E074C8019B64CD3009FD823 /* Build configuration list for PBXProject "wikigame" */ = {
			isa = XCConfigurationList;
			buildConfigurations = (
				2E074CB519B64CD3009FD823 /* Debug */,
				2E074CB619B64CD3009FD823 /* Release */,
			);
			defaultConfigurationIsVisible = 0;
			defaultConfigurationName = Release;
		};
		2E074CB719B64CD3009FD823 /* Build configuration list for PBXNativeTarget "wikigame" */ = {
			isa = XCConfigurationList;
			buildConfigurations = (
				2E074CB819B64CD3009FD823 /* Debug */,
				2E074CB919B64CD3009FD823 /* Release */,
			);
			defaultConfigurationIsVisible = 0;
		};
		2E074CBA19B64CD3009FD823 /* Build configuration list for PBXNativeTarget "wikigameTests" */ = {
			isa = XCConfigurationList;
			buildConfigurations = (
				2E074CBB19B64CD3009FD823 /* Debug */,
				2E074CBC19B64CD3009FD823 /* Release */,
			);
			defaultConfigurationIsVisible = 0;
		};
/* End XCConfigurationList section */
	};
	rootObject = 2E074C7D19B64CD3009FD823 /* Project object */;
}
